
Microsoft Visual Studio Solution File, Format Version 12.00
# Visual Studio Version 16
VisualStudioVersion = 16.0.29905.134
MinimumVisualStudioVersion = 10.0.40219.1
Project("{9A19103F-16F7-4668-BE54-9A1E7A4F7556}") = "NA.SimpleSurveyInvitation.Web", "NA.SimpleSurveyInvitation.Web\NA.SimpleSurveyInvitation.Web.csproj", "{C46E2EAD-18E4-4BAF-AF56-B51742BEF4C0}"
EndProject
Project("{FAE04EC0-301F-11D3-BF4B-00C04F79EFBC}") = "NA.SimpleSurveyInvitation.472API", "NA.SimpleSurveyInvitation.472API\NA.SimpleSurveyInvitation.472API.csproj", "{52881CE5-A647-4EAB-A7A1-6E1264487ED0}"
EndProject
Global
	GlobalSection(SolutionConfigurationPlatforms) = preSolution
		Debug|Any CPU = Debug|Any CPU
		Release|Any CPU = Release|Any CPU
	EndGlobalSection
	GlobalSection(ProjectConfigurationPlatforms) = postSolution
		{C46E2EAD-18E4-4BAF-AF56-B51742BEF4C0}.Debug|Any CPU.ActiveCfg = Debug|Any CPU
		{C46E2EAD-18E4-4BAF-AF56-B51742BEF4C0}.Debug|Any CPU.Build.0 = Debug|Any CPU
		{C46E2EAD-18E4-4BAF-AF56-B51742BEF4C0}.Release|Any CPU.ActiveCfg = Release|Any CPU
		{C46E2EAD-18E4-4BAF-AF56-B51742BEF4C0}.Release|Any CPU.Build.0 = Release|Any CPU
		{52881CE5-A647-4EAB-A7A1-6E1264487ED0}.Debug|Any CPU.ActiveCfg = Debug|Any CPU
		{52881CE5-A647-4EAB-A7A1-6E1264487ED0}.Debug|Any CPU.Build.0 = Debug|Any CPU
		{52881CE5-A647-4EAB-A7A1-6E1264487ED0}.Release|Any CPU.ActiveCfg = Release|Any CPU
		{52881CE5-A647-4EAB-A7A1-6E1264487ED0}.Release|Any CPU.Build.0 = Release|Any CPU
	EndGlobalSection
	GlobalSection(SolutionProperties) = preSolution
		HideSolutionNode = FALSE
	EndGlobalSection
	GlobalSection(ExtensibilityGlobals) = postSolution
		SolutionGuid = {3BD1A77C-159C-4B60-AD76-5F3D991F0CE7}
	EndGlobalSection
EndGlobal
